<?xml version="1.0" encoding="UTF-8" standalone="yes" ?>
<CodeBlocks_project_file>
	<FileVersion major="1" minor="6" />
	<Project>
		<Option title="megamania" />
		<Option pch_mode="2" />
		<Option compiler="gcc" />
		<Build>
			<Target title="Debug">
				<Option output="bin/Debug/megamania" prefix_auto="1" extension_auto="1" />
				<Option working_dir="bin/Debug" />
				<Option object_output="obj/Debug/" />
				<Option type="1" />
				<Option compiler="gcc" />
				<Compiler>
					<Add option="-g" />
					<Add directory="../CSFML/include" />
				</Compiler>
				<Linker>
					<Add library="../CSFML/lib/gcc/libcsfml-graphics.a" />
					<Add library="../CSFML/lib/gcc/libcsfml-window.a" />
					<Add library="../CSFML/lib/gcc/libcsfml-system.a" />
					<Add directory="../CSFML/lib" />
				</Linker>
			</Target>
			<Target title="Release">
				<Option output="bin/Release/csfmltest" prefix_auto="1" extension_auto="1" />
				<Option object_output="obj/Release/" />
				<Option type="1" />
				<Option compiler="gcc" />
				<Compiler>
					<Add option="-O2" />
				</Compiler>
				<Linker>
					<Add option="-s" />
				</Linker>
			</Target>
		</Build>
		<Compiler>
			<Add option="-Wall" />
			<Add directory="../CSFML/include" />
		</Compiler>
		<Linker>
			<Add library="../CSFML/lib/gcc/libcsfml-graphics.a" />
			<Add library="../CSFML/lib/gcc/libcsfml-window.a" />
			<Add library="../CSFML/lib/gcc/libcsfml-system.a" />
			<Add directory="../CSFML/lib/gcc" />
		</Linker>
		<Unit filename="enemies.c">
			<Option compilerVar="CC" />
		</Unit>
		<Unit filename="enemies.h" />
		<Unit filename="layout.c">
			<Option compilerVar="CC" />
		</Unit>
		<Unit filename="main.c">
			<Option compilerVar="CC" />
		</Unit>
		<Unit filename="score.c">
			<Option compilerVar="CC" />
		</Unit>
		<Unit filename="score.h" />
		<Unit filename="sprites.c">
			<Option compilerVar="CC" />
		</Unit>
		<Unit filename="sprites.h" />
		<Unit filename="structs.h" />
		<Extensions>
			<envvars />
			<code_completion />
			<debugger />
		</Extensions>
	</Project>
</CodeBlocks_project_file>
